
Microsoft Visual Studio Solution File, Format Version 12.00
# Visual Studio Version 16
VisualStudioVersion = 16.0.32602.291
MinimumVisualStudioVersion = 10.0.40219.1
Project("{FAE04EC0-301F-11D3-BF4B-00C04F79EFBC}") = "WildberriesParser", "WildberriesParser\WildberriesParser.csproj", "{D8C1F80E-4253-4C2D-9E86-706AEA49A6A7}"
EndProject
Project("{FAE04EC0-301F-11D3-BF4B-00C04F79EFBC}") = "Updater", "Updater\Updater.csproj", "{4A7AB6B9-385A-4183-8B0E-39AE495CBB27}"
EndProject
Project("{FAE04EC0-301F-11D3-BF4B-00C04F79EFBC}") = "UpdaterCLI", "UpdaterCLI\UpdaterCLI.csproj", "{8932088B-D7F0-49A7-B6B8-BFAF8489B527}"
EndProject
Global
	GlobalSection(SolutionConfigurationPlatforms) = preSolution
		Debug|Any CPU = Debug|Any CPU
		Release|Any CPU = Release|Any CPU
	EndGlobalSection
	GlobalSection(ProjectConfigurationPlatforms) = postSolution
		{D8C1F80E-4253-4C2D-9E86-706AEA49A6A7}.Debug|Any CPU.ActiveCfg = Debug|Any CPU
		{D8C1F80E-4253-4C2D-9E86-706AEA49A6A7}.Debug|Any CPU.Build.0 = Debug|Any CPU
		{D8C1F80E-4253-4C2D-9E86-706AEA49A6A7}.Release|Any CPU.ActiveCfg = Release|Any CPU
		{D8C1F80E-4253-4C2D-9E86-706AEA49A6A7}.Release|Any CPU.Build.0 = Release|Any CPU
		{4A7AB6B9-385A-4183-8B0E-39AE495CBB27}.Debug|Any CPU.ActiveCfg = Debug|Any CPU
		{4A7AB6B9-385A-4183-8B0E-39AE495CBB27}.Debug|Any CPU.Build.0 = Debug|Any CPU
		{4A7AB6B9-385A-4183-8B0E-39AE495CBB27}.Release|Any CPU.ActiveCfg = Release|Any CPU
		{4A7AB6B9-385A-4183-8B0E-39AE495CBB27}.Release|Any CPU.Build.0 = Release|Any CPU
		{8932088B-D7F0-49A7-B6B8-BFAF8489B527}.Debug|Any CPU.ActiveCfg = Debug|Any CPU
		{8932088B-D7F0-49A7-B6B8-BFAF8489B527}.Debug|Any CPU.Build.0 = Debug|Any CPU
		{8932088B-D7F0-49A7-B6B8-BFAF8489B527}.Release|Any CPU.ActiveCfg = Release|Any CPU
		{8932088B-D7F0-49A7-B6B8-BFAF8489B527}.Release|Any CPU.Build.0 = Release|Any CPU
	EndGlobalSection
	GlobalSection(SolutionProperties) = preSolution
		HideSolutionNode = FALSE
	EndGlobalSection
	GlobalSection(ExtensibilityGlobals) = postSolution
		SolutionGuid = {EACC22B5-C760-44B8-9DEC-A77FF643B173}
	EndGlobalSection
EndGlobal
